<?xml version="1.0" encoding="utf-8"?>
<Project ToolsVersion="4.0" xmlns="http://schemas.microsoft.com/developer/msbuild/2003">
  <ItemGroup>
    <Filter Include="Source Files">
      <UniqueIdentifier>{4FC737F1-C7A5-4376-A066-2A32D752A2FF}</UniqueIdentifier>
      <Extensions>cpp;c;cc;cxx;def;odl;idl;hpj;bat;asm;asmx</Extensions>
    </Filter>
    <Filter Include="Header Files">
      <UniqueIdentifier>{93995380-89BD-4b04-88EB-625FBE52EBFB}</UniqueIdentifier>
      <Extensions>h;hh;hpp;hxx;hm;inl;inc;xsd</Extensions>
    </Filter>
    <Filter Include="Resource Files">
      <UniqueIdentifier>{67DA6AB6-F800-4c08-8B7A-83BB121AAD01}</UniqueIdentifier>
      <Extensions>rc;ico;cur;bmp;dlg;rc2;rct;bin;rgs;gif;jpg;jpeg;jpe;resx;tiff;tif;png;wav;mfcribbon-ms</Extensions>
    </Filter>
    <Filter Include="Components">
      <UniqueIdentifier>{24646614-c0ee-497f-8933-9a47d6e55b03}</UniqueIdentifier>
    </Filter>
    <Filter Include="Core">
      <UniqueIdentifier>{d3cd75c3-cf82-4736-a03f-16d1cd8f4862}</UniqueIdentifier>
    </Filter>
    <Filter Include="Helpers">
      <UniqueIdentifier>{8d429758-c24c-4284-85e1-057d6d0d2f7e}</UniqueIdentifier>
    </Filter>
    <Filter Include="Systems">
      <UniqueIdentifier>{9cb18461-ce5e-4149-8c33-abc36acdac07}</UniqueIdentifier>
    </Filter>
    <Filter Include="Scene">
      <UniqueIdentifier>{47e464eb-035a-4c66-abb7-ae93e8824550}</UniqueIdentifier>
    </Filter>
    <Filter Include="ImGui">
      <UniqueIdentifier>{9d1f09ff-e751-49a1-b460-49fdadf30a17}</UniqueIdentifier>
    </Filter>
    <Filter Include="Input">
      <UniqueIdentifier>{6d3b470d-70cb-45d7-918a-94830fef2980}</UniqueIdentifier>
    </Filter>
  </ItemGroup>
  <ItemGroup>
    <ClInclude Include="CruptEngine.h">
      <Filter>Core</Filter>
    </ClInclude>
    <ClInclude Include="CruptEnginePCH.h">
      <Filter>Core</Filter>
    </ClInclude>
    <ClInclude Include="ResourceManager.h">
      <Filter>Helpers</Filter>
    </ClInclude>
    <ClInclude Include="InputManager.h">
      <Filter>Helpers</Filter>
    </ClInclude>
    <ClInclude Include="Singleton.h">
      <Filter>Helpers</Filter>
    </ClInclude>
    <ClInclude Include="ECSTypes.h">
      <Filter>Helpers</Filter>
    </ClInclude>
    <ClInclude Include="TransformComponent.h">
      <Filter>Components</Filter>
    </ClInclude>
    <ClInclude Include="EntityManager.h">
      <Filter>Helpers</Filter>
    </ClInclude>
    <ClInclude Include="System.h">
      <Filter>Systems</Filter>
    </ClInclude>
    <ClInclude Include="SystemManager.h">
      <Filter>Systems</Filter>
    </ClInclude>
    <ClInclude Include="ECSCoordinator.h">
      <Filter>Helpers</Filter>
    </ClInclude>
    <ClInclude Include="Components.h">
      <Filter>Components</Filter>
    </ClInclude>
    <ClInclude Include="ComponentManager.h">
      <Filter>Components</Filter>
    </ClInclude>
    <ClInclude Include="ComponentArray.h">
      <Filter>Components</Filter>
    </ClInclude>
    <ClInclude Include="Systems.h">
      <Filter>Systems</Filter>
    </ClInclude>
    <ClInclude Include="TextComponent.h">
      <Filter>Components</Filter>
    </ClInclude>
    <ClInclude Include="TextSystem.h">
      <Filter>Systems</Filter>
    </ClInclude>
    <ClInclude Include="FPSComponent.h">
      <Filter>Components</Filter>
    </ClInclude>
    <ClInclude Include="FPSSystem.h">
      <Filter>Systems</Filter>
    </ClInclude>
    <ClInclude Include="RenderableComponent.h">
      <Filter>Components</Filter>
    </ClInclude>
    <ClInclude Include="RenderSystem.h">
      <Filter>Systems</Filter>
    </ClInclude>
    <ClInclude Include="Texture2D.h">
      <Filter>Helpers</Filter>
    </ClInclude>
    <ClInclude Include="Font.h">
      <Filter>Helpers</Filter>
    </ClInclude>
    <ClInclude Include="SceneManager.h">
      <Filter>Scene</Filter>
    </ClInclude>
    <ClInclude Include="GameScene.h">
      <Filter>Scene</Filter>
    </ClInclude>
    <ClInclude Include="ImGui\imconfig.h">
      <Filter>ImGui</Filter>
    </ClInclude>
    <ClInclude Include="ImGui\imgui.h">
      <Filter>ImGui</Filter>
    </ClInclude>
    <ClInclude Include="ImGui\imgui_impl_sdl.h">
      <Filter>ImGui</Filter>
    </ClInclude>
    <ClInclude Include="ImGui\imgui_internal.h">
      <Filter>ImGui</Filter>
    </ClInclude>
    <ClInclude Include="ImGui\imstb_rectpack.h">
      <Filter>ImGui</Filter>
    </ClInclude>
    <ClInclude Include="ImGui\imstb_textedit.h">
      <Filter>ImGui</Filter>
    </ClInclude>
    <ClInclude Include="ImGui\imstb_truetype.h">
      <Filter>ImGui</Filter>
    </ClInclude>
    <ClInclude Include="ImGui\imgui_sdl.h">
      <Filter>ImGui</Filter>
    </ClInclude>
    <ClInclude Include="Invoker.h">
      <Filter>Input</Filter>
    </ClInclude>
    <ClInclude Include="ICommand.h">
      <Filter>Input</Filter>
    </ClInclude>
    <ClInclude Include="SpriteComponent.h">
      <Filter>Components</Filter>
    </ClInclude>
    <ClInclude Include="SpriteSystem.h">
      <Filter>Systems</Filter>
    </ClInclude>
    <ClInclude Include="SoundManager.h">
      <Filter>Helpers</Filter>
    </ClInclude>
    <ClInclude Include="SignalHandler.h">
      <Filter>Input</Filter>
    </ClInclude>
    <ClInclude Include="PhysicsSystem.h">
      <Filter>Systems</Filter>
    </ClInclude>
    <ClInclude Include="VelocityComponent.h">
      <Filter>Components</Filter>
    </ClInclude>
    <ClInclude Include="GravityComponent.h">
      <Filter>Components</Filter>
    </ClInclude>
    <ClInclude Include="TileMapComponent.h">
      <Filter>Components</Filter>
    </ClInclude>
    <ClInclude Include="TileMapSystem.h">
      <Filter>Systems</Filter>
    </ClInclude>
  </ItemGroup>
  <ItemGroup>
    <ClCompile Include="CruptEngine.cpp">
      <Filter>Core</Filter>
    </ClCompile>
    <ClCompile Include="CruptEnginePCH.cpp">
      <Filter>Core</Filter>
    </ClCompile>
    <ClCompile Include="InputManager.cpp">
      <Filter>Helpers</Filter>
    </ClCompile>
    <ClCompile Include="ResourceManager.cpp">
      <Filter>Helpers</Filter>
    </ClCompile>
    <ClCompile Include="EntityManager.cpp">
      <Filter>Helpers</Filter>
    </ClCompile>
    <ClCompile Include="System.cpp">
      <Filter>Systems</Filter>
    </ClCompile>
    <ClCompile Include="TextSystem.cpp">
      <Filter>Systems</Filter>
    </ClCompile>
    <ClCompile Include="FPSSystem.cpp">
      <Filter>Systems</Filter>
    </ClCompile>
    <ClCompile Include="RenderSystem.cpp">
      <Filter>Systems</Filter>
    </ClCompile>
    <ClCompile Include="SceneManager.cpp">
      <Filter>Scene</Filter>
    </ClCompile>
    <ClCompile Include="GameScene.cpp">
      <Filter>Scene</Filter>
    </ClCompile>
    <ClCompile Include="ImGui\imgui.cpp">
      <Filter>ImGui</Filter>
    </ClCompile>
    <ClCompile Include="ImGui\imgui_draw.cpp">
      <Filter>ImGui</Filter>
    </ClCompile>
    <ClCompile Include="ImGui\imgui_impl_sdl.cpp">
      <Filter>ImGui</Filter>
    </ClCompile>
    <ClCompile Include="ImGui\imgui_widgets.cpp">
      <Filter>ImGui</Filter>
    </ClCompile>
    <ClCompile Include="ImGui\imgui_sdl.cpp">
      <Filter>ImGui</Filter>
    </ClCompile>
    <ClCompile Include="Invoker.cpp">
      <Filter>Input</Filter>
    </ClCompile>
    <ClCompile Include="ICommand.cpp">
      <Filter>Input</Filter>
    </ClCompile>
    <ClCompile Include="SpriteSystem.cpp">
      <Filter>Systems</Filter>
    </ClCompile>
    <ClCompile Include="Font.cpp">
      <Filter>Helpers</Filter>
    </ClCompile>
    <ClCompile Include="Texture2D.cpp">
      <Filter>Helpers</Filter>
    </ClCompile>
    <ClCompile Include="SoundManager.cpp">
      <Filter>Helpers</Filter>
    </ClCompile>
    <ClCompile Include="PhysicsSystem.cpp">
      <Filter>Systems</Filter>
    </ClCompile>
    <ClCompile Include="TileMapSystem.cpp">
      <Filter>Systems</Filter>
    </ClCompile>
  </ItemGroup>
</Project>